// !$*UTF8*$!
{
	archiveVersion = 1;
	classes = {
	};
	objectVersion = 46;
	objects = {

/* Begin PBXBuildFile section */
		DA8042AD1AD4DBD5000D6B52 /* AppDelegate.swift in Sources */ = {isa = PBXBuildFile; fileRef = DA8042AC1AD4DBD5000D6B52 /* AppDelegate.swift */; };
		DA8042AF1AD4DBD5000D6B52 /* ViewController.swift in Sources */ = {isa = PBXBuildFile; fileRef = DA8042AE1AD4DBD5000D6B52 /* ViewController.swift */; };
		DA8042B21AD4DBD5000D6B52 /* Main.storyboard in Resources */ = {isa = PBXBuildFile; fileRef = DA8042B01AD4DBD5000D6B52 /* Main.storyboard */; };
		DA8042B41AD4DBD5000D6B52 /* Images.xcassets in Resources */ = {isa = PBXBuildFile; fileRef = DA8042B31AD4DBD5000D6B52 /* Images.xcassets */; };
		DA8042B71AD4DBD5000D6B52 /* LaunchScreen.xib in Resources */ = {isa = PBXBuildFile; fileRef = DA8042B51AD4DBD5000D6B52 /* LaunchScreen.xib */; };
		DA8042C31AD4DBD5000D6B52 /* tipsTests.swift in Sources */ = {isa = PBXBuildFile; fileRef = DA8042C21AD4DBD5000D6B52 /* tipsTests.swift */; };
/* End PBXBuildFile section */

/* Begin PBXContainerItemProxy section */
		DA8042BD1AD4DBD5000D6B52 /* PBXContainerItemProxy */ = {
			isa = PBXContainerItemProxy;
			containerPortal = DA80429F1AD4DBD5000D6B52 /* Project object */;
			proxyType = 1;
			remoteGlobalIDString = DA8042A61AD4DBD5000D6B52;
			remoteInfo = tips;
		};
/* End PBXContainerItemProxy section */

/* Begin PBXFileReference section */
		DA8042A71AD4DBD5000D6B52 /* tips.app */ = {isa = PBXFileReference; explicitFileType = wrapper.application; includeInIndex = 0; path = tips.app; sourceTree = BUILT_PRODUCTS_DIR; };
		DA8042AB1AD4DBD5000D6B52 /* Info.plist */ = {isa = PBXFileReference; lastKnownFileType = text.plist.xml; path = Info.plist; sourceTree = "<group>"; };
		DA8042AC1AD4DBD5000D6B52 /* AppDelegate.swift */ = {isa = PBXFileReference; lastKnownFileType = sourcecode.swift; path = AppDelegate.swift; sourceTree = "<group>"; };
		DA8042AE1AD4DBD5000D6B52 /* ViewController.swift */ = {isa = PBXFileReference; lastKnownFileType = sourcecode.swift; path = ViewController.swift; sourceTree = "<group>"; };
		DA8042B11AD4DBD5000D6B52 /* Base */ = {isa = PBXFileReference; lastKnownFileType = file.storyboard; name = Base; path = Base.lproj/Main.storyboard; sourceTree = "<group>"; };
		DA8042B31AD4DBD5000D6B52 /* Images.xcassets */ = {isa = PBXFileReference; lastKnownFileType = folder.assetcatalog; path = Images.xcassets; sourceTree = "<group>"; };
		DA8042B61AD4DBD5000D6B52 /* Base */ = {isa = PBXFileReference; lastKnownFileType = file.xib; name = Base; path = Base.lproj/LaunchScreen.xib; sourceTree = "<group>"; };
		DA8042BC1AD4DBD5000D6B52 /* tipsTests.xctest */ = {isa = PBXFileReference; explicitFileType = wrapper.cfbundle; includeInIndex = 0; path = tipsTests.xctest; sourceTree = BUILT_PRODUCTS_DIR; };
		DA8042C11AD4DBD5000D6B52 /* Info.plist */ = {isa = PBXFileReference; lastKnownFileType = text.plist.xml; path = Info.plist; sourceTree = "<group>"; };
		DA8042C21AD4DBD5000D6B52 /* tipsTests.swift */ = {isa = PBXFileReference; lastKnownFileType = sourcecode.swift; path = tipsTests.swift; sourceTree = "<group>"; };
/* End PBXFileReference section */

/* Begin PBXFrameworksBuildPhase section */
		DA8042A41AD4DBD5000D6B52 /* Frameworks */ = {
			isa = PBXFrameworksBuildPhase;
			buildActionMask = 2147483647;
			files = (
			);
			runOnlyForDeploymentPostprocessing = 0;
		};
		DA8042B91AD4DBD5000D6B52 /* Frameworks */ = {
			isa = PBXFrameworksBuildPhase;
			buildActionMask = 2147483647;
			files = (
			);
			runOnlyForDeploymentPostprocessing = 0;
		};
/* End PBXFrameworksBuildPhase section */

/* Begin PBXGroup section */
		DA80429E1AD4DBD5000D6B52 = {
			isa = PBXGroup;
			children = (
				DA8042A91AD4DBD5000D6B52 /* tips */,
				DA8042BF1AD4DBD5000D6B52 /* tipsTests */,
				DA8042A81AD4DBD5000D6B52 /* Products */,
			);
			sourceTree = "<group>";
		};
		DA8042A81AD4DBD5000D6B52 /* Products */ = {
			isa = PBXGroup;
			children = (
				DA8042A71AD4DBD5000D6B52 /* tips.app */,
				DA8042BC1AD4DBD5000D6B52 /* tipsTests.xctest */,
			);
			name = Products;
			sourceTree = "<group>";
		};
		DA8042A91AD4DBD5000D6B52 /* tips */ = {
			isa = PBXGroup;
			children = (
				DA8042AC1AD4DBD5000D6B52 /* AppDelegate.swift */,
				DA8042AE1AD4DBD5000D6B52 /* ViewController.swift */,
				DA8042B01AD4DBD5000D6B52 /* Main.storyboard */,
				DA8042B31AD4DBD5000D6B52 /* Images.xcassets */,
				DA8042B51AD4DBD5000D6B52 /* LaunchScreen.xib */,
				DA8042AA1AD4DBD5000D6B52 /* Supporting Files */,
			);
			path = tips;
			sourceTree = "<group>";
		};
		DA8042AA1AD4DBD5000D6B52 /* Supporting Files */ = {
			isa = PBXGroup;
			children = (
				DA8042AB1AD4DBD5000D6B52 /* Info.plist */,
			);
			name = "Supporting Files";
			sourceTree = "<group>";
		};
		DA8042BF1AD4DBD5000D6B52 /* tipsTests */ = {
			isa = PBXGroup;
			children = (
				DA8042C21AD4DBD5000D6B52 /* tipsTests.swift */,
				DA8042C01AD4DBD5000D6B52 /* Supporting Files */,
			);
			path = tipsTests;
			sourceTree = "<group>";
		};
		DA8042C01AD4DBD5000D6B52 /* Supporting Files */ = {
			isa = PBXGroup;
			children = (
				DA8042C11AD4DBD5000D6B52 /* Info.plist */,
			);
			name = "Supporting Files";
			sourceTree = "<group>";
		};
/* End PBXGroup section */

/* Begin PBXNativeTarget section */
		DA8042A61AD4DBD5000D6B52 /* tips */ = {
			isa = PBXNativeTarget;
			buildConfigurationList = DA8042C61AD4DBD5000D6B52 /* Build configuration list for PBXNativeTarget "tips" */;
			buildPhases = (
				DA8042A31AD4DBD5000D6B52 /* Sources */,
				DA8042A41AD4DBD5000D6B52 /* Frameworks */,
				DA8042A51AD4DBD5000D6B52 /* Resources */,
			);
			buildRules = (
			);
			dependencies = (
			);
			name = tips;
			productName = tips;
			productReference = DA8042A71AD4DBD5000D6B52 /* tips.app */;
			productType = "com.apple.product-type.application";
		};
		DA8042BB1AD4DBD5000D6B52 /* tipsTests */ = {
			isa = PBXNativeTarget;
			buildConfigurationList = DA8042C91AD4DBD5000D6B52 /* Build configuration list for PBXNativeTarget "tipsTests" */;
			buildPhases = (
				DA8042B81AD4DBD5000D6B52 /* Sources */,
				DA8042B91AD4DBD5000D6B52 /* Frameworks */,
				DA8042BA1AD4DBD5000D6B52 /* Resources */,
			);
			buildRules = (
			);
			dependencies = (
				DA8042BE1AD4DBD5000D6B52 /* PBXTargetDependency */,
			);
			name = tipsTests;
			productName = tipsTests;
			productReference = DA8042BC1AD4DBD5000D6B52 /* tipsTests.xctest */;
			productType = "com.apple.product-type.bundle.unit-test";
		};
/* End PBXNativeTarget section */

/* Begin PBXProject section */
		DA80429F1AD4DBD5000D6B52 /* Project object */ = {
			isa = PBXProject;
			attributes = {
				LastUpgradeCheck = 0620;
				ORGANIZATIONNAME = "Xuefan Zhang";
				TargetAttributes = {
					DA8042A61AD4DBD5000D6B52 = {
						CreatedOnToolsVersion = 6.2;
					};
					DA8042BB1AD4DBD5000D6B52 = {
						CreatedOnToolsVersion = 6.2;
						TestTargetID = DA8042A61AD4DBD5000D6B52;
					};
				};
			};
			buildConfigurationList = DA8042A21AD4DBD5000D6B52 /* Build configuration list for PBXProject "tips" */;
			compatibilityVersion = "Xcode 3.2";
			developmentRegion = English;
			hasScannedForEncodings = 0;
			knownRegions = (
				en,
				Base,
			);
			mainGroup = DA80429E1AD4DBD5000D6B52;
			productRefGroup = DA8042A81AD4DBD5000D6B52 /* Products */;
			projectDirPath = "";
			projectRoot = "";
			targets = (
				DA8042A61AD4DBD5000D6B52 /* tips */,
				DA8042BB1AD4DBD5000D6B52 /* tipsTests */,
			);
		};
/* End PBXProject section */

/* Begin PBXResourcesBuildPhase section */
		DA8042A51AD4DBD5000D6B52 /* Resources */ = {
			isa = PBXResourcesBuildPhase;
			buildActionMask = 2147483647;
			files = (
				DA8042B21AD4DBD5000D6B52 /* Main.storyboard in Resources */,
				DA8042B71AD4DBD5000D6B52 /* LaunchScreen.xib in Resources */,
				DA8042B41AD4DBD5000D6B52 /* Images.xcassets in Resources */,
			);
			runOnlyForDeploymentPostprocessing = 0;
		};
		DA8042BA1AD4DBD5000D6B52 /* Resources */ = {
			isa = PBXResourcesBuildPhase;
			buildActionMask = 2147483647;
			files = (
			);
			runOnlyForDeploymentPostprocessing = 0;
		};
/* End PBXResourcesBuildPhase section */

/* Begin PBXSourcesBuildPhase section */
		DA8042A31AD4DBD5000D6B52 /* Sources */ = {
			isa = PBXSourcesBuildPhase;
			buildActionMask = 2147483647;
			files = (
				DA8042AF1AD4DBD5000D6B52 /* ViewController.swift in Sources */,
				DA8042AD1AD4DBD5000D6B52 /* AppDelegate.swift in Sources */,
			);
			runOnlyForDeploymentPostprocessing = 0;
		};
		DA8042B81AD4DBD5000D6B52 /* Sources */ = {
			isa = PBXSourcesBuildPhase;
			buildActionMask = 2147483647;
			files = (
				DA8042C31AD4DBD5000D6B52 /* tipsTests.swift in Sources */,
			);
			runOnlyForDeploymentPostprocessing = 0;
		};
/* End PBXSourcesBuildPhase section */

/* Begin PBXTargetDependency section */
		DA8042BE1AD4DBD5000D6B52 /* PBXTargetDependency */ = {
			isa = PBXTargetDependency;
			target = DA8042A61AD4DBD5000D6B52 /* tips */;
			targetProxy = DA8042BD1AD4DBD5000D6B52 /* PBXContainerItemProxy */;
		};
/* End PBXTargetDependency section */

/* Begin PBXVariantGroup section */
		DA8042B01AD4DBD5000D6B52 /* Main.storyboard */ = {
			isa = PBXVariantGroup;
			children = (
				DA8042B11AD4DBD5000D6B52 /* Base */,
			);
			name = Main.storyboard;
			sourceTree = "<group>";
		};
		DA8042B51AD4DBD5000D6B52 /* LaunchScreen.xib */ = {
			isa = PBXVariantGroup;
			children = (
				DA8042B61AD4DBD5000D6B52 /* Base */,
			);
			name = LaunchScreen.xib;
			sourceTree = "<group>";
		};
/* End PBXVariantGroup section */

/* Begin XCBuildConfiguration section */
		DA8042C41AD4DBD5000D6B52 /* Debug */ = {
			isa = XCBuildConfiguration;
			buildSettings = {
				ALWAYS_SEARCH_USER_PATHS = NO;
				CLANG_CXX_LANGUAGE_STANDARD = "gnu++0x";
				CLANG_CXX_LIBRARY = "libc++";
				CLANG_ENABLE_MODULES = YES;
				CLANG_ENABLE_OBJC_ARC = YES;
				CLANG_WARN_BOOL_CONVERSION = YES;
				CLANG_WARN_CONSTANT_CONVERSION = YES;
				CLANG_WARN_DIRECT_OBJC_ISA_USAGE = YES_ERROR;
				CLANG_WARN_EMPTY_BODY = YES;
				CLANG_WARN_ENUM_CONVERSION = YES;
				CLANG_WARN_INT_CONVERSION = YES;
				CLANG_WARN_OBJC_ROOT_CLASS = YES_ERROR;
				CLANG_WARN_UNREACHABLE_CODE = YES;
				CLANG_WARN__DUPLICATE_METHOD_MATCH = YES;
				"CODE_SIGN_IDENTITY[sdk=iphoneos*]" = "iPhone Developer";
				COPY_PHASE_STRIP = NO;
				ENABLE_STRICT_OBJC_MSGSEND = YES;
				GCC_C_LANGUAGE_STANDARD = gnu99;
				GCC_DYNAMIC_NO_PIC = NO;
				GCC_OPTIMIZATION_LEVEL = 0;
				GCC_PREPROCESSOR_DEFINITIONS = (
					"DEBUG=1",
					"$(inherited)",
				);
				GCC_SYMBOLS_PRIVATE_EXTERN = NO;
				GCC_WARN_64_TO_32_BIT_CONVERSION = YES;
				GCC_WARN_ABOUT_RETURN_TYPE = YES_ERROR;
				GCC_WARN_UNDECLARED_SELECTOR = YES;
				GCC_WARN_UNINITIALIZED_AUTOS = YES_AGGRESSIVE;
				GCC_WARN_UNUSED_FUNCTION = YES;
				GCC_WARN_UNUSED_VARIABLE = YES;
				IPHONEOS_DEPLOYMENT_TARGET = 8.2;
				MTL_ENABLE_DEBUG_INFO = YES;
				ONLY_ACTIVE_ARCH = YES;
				SDKROOT = iphoneos;
				SWIFT_OPTIMIZATION_LEVEL = "-Onone";
			};
			name = Debug;
		};
		DA8042C51AD4DBD5000D6B52 /* Release */ = {
			isa = XCBuildConfiguration;
			buildSettings = {
				ALWAYS_SEARCH_USER_PATHS = NO;
				CLANG_CXX_LANGUAGE_STANDARD = "gnu++0x";
				CLANG_CXX_LIBRARY = "libc++";
				CLANG_ENABLE_MODULES = YES;
				CLANG_ENABLE_OBJC_ARC = YES;
				CLANG_WARN_BOOL_CONVERSION = YES;
				CLANG_WARN_CONSTANT_CONVERSION = YES;
				CLANG_WARN_DIRECT_OBJC_ISA_USAGE = YES_ERROR;
				CLANG_WARN_EMPTY_BODY = YES;
				CLANG_WARN_ENUM_CONVERSION = YES;
				CLANG_WARN_INT_CONVERSION = YES;
				CLANG_WARN_OBJC_ROOT_CLASS = YES_ERROR;
				CLANG_WARN_UNREACHABLE_CODE = YES;
				CLANG_WARN__DUPLICATE_METHOD_MATCH = YES;
				"CODE_SIGN_IDENTITY[sdk=iphoneos*]" = "iPhone Developer";
				COPY_PHASE_STRIP = NO;
				ENABLE_NS_ASSERTIONS = NO;
				ENABLE_STRICT_OBJC_MSGSEND = YES;
				GCC_C_LANGUAGE_STANDARD = gnu99;
				GCC_WARN_64_TO_32_BIT_CONVERSION = YES;
				GCC_WARN_ABOUT_RETURN_TYPE = YES_ERROR;
				GCC_WARN_UNDECLARED_SELECTOR = YES;
				GCC_WARN_UNINITIALIZED_AUTOS = YES_AGGRESSIVE;
				GCC_WARN_UNUSED_FUNCTION = YES;
				GCC_WARN_UNUSED_VARIABLE = YES;
				IPHONEOS_DEPLOYMENT_TARGET = 8.2;
				MTL_ENABLE_DEBUG_INFO = NO;
				SDKROOT = iphoneos;
				VALIDATE_PRODUCT = YES;
			};
			name = Release;
		};
		DA8042C71AD4DBD5000D6B52 /* Debug */ = {
			isa = XCBuildConfiguration;
			buildSettings = {
				ASSETCATALOG_COMPILER_APPICON_NAME = AppIcon;
				INFOPLIST_FILE = tips/Info.plist;
				LD_RUNPATH_SEARCH_PATHS = "$(inherited) @executable_path/Frameworks";
				PRODUCT_NAME = "$(TARGET_NAME)";
			};
			name = Debug;
		};
		DA8042C81AD4DBD5000D6B52 /* Release */ = {
			isa = XCBuildConfiguration;
			buildSettings = {
				ASSETCATALOG_COMPILER_APPICON_NAME = AppIcon;
				INFOPLIST_FILE = tips/Info.plist;
				LD_RUNPATH_SEARCH_PATHS = "$(inherited) @executable_path/Frameworks";
				PRODUCT_NAME = "$(TARGET_NAME)";
			};
			name = Release;
		};
		DA8042CA1AD4DBD5000D6B52 /* Debug */ = {
			isa = XCBuildConfiguration;
			buildSettings = {
				BUNDLE_LOADER = "$(TEST_HOST)";
				FRAMEWORK_SEARCH_PATHS = (
					"$(SDKROOT)/Developer/Library/Frameworks",
					"$(inherited)",
				);
				GCC_PREPROCESSOR_DEFINITIONS = (
					"DEBUG=1",
					"$(inherited)",
				);
				INFOPLIST_FILE = tipsTests/Info.plist;
				LD_RUNPATH_SEARCH_PATHS = "$(inherited) @executable_path/Frameworks @loader_path/Frameworks";
				PRODUCT_NAME = "$(TARGET_NAME)";
				TEST_HOST = "$(BUILT_PRODUCTS_DIR)/tips.app/tips";
			};
			name = Debug;
		};
		DA8042CB1AD4DBD5000D6B52 /* Release */ = {
			isa = XCBuildConfiguration;
			buildSettings = {
				BUNDLE_LOADER = "$(TEST_HOST)";
				FRAMEWORK_SEARCH_PATHS = (
					"$(SDKROOT)/Developer/Library/Frameworks",
					"$(inherited)",
				);
				INFOPLIST_FILE = tipsTests/Info.plist;
				LD_RUNPATH_SEARCH_PATHS = "$(inherited) @executable_path/Frameworks @loader_path/Frameworks";
				PRODUCT_NAME = "$(TARGET_NAME)";
				TEST_HOST = "$(BUILT_PRODUCTS_DIR)/tips.app/tips";
			};
			name = Release;
		};
/* End XCBuildConfiguration section */

/* Begin XCConfigurationList section */
		DA8042A21AD4DBD5000D6B52 /* Build configuration list for PBXProject "tips" */ = {
			isa = XCConfigurationList;
			buildConfigurations = (
				DA8042C41AD4DBD5000D6B52 /* Debug */,
				DA8042C51AD4DBD5000D6B52 /* Release */,
			);
			defaultConfigurationIsVisible = 0;
			defaultConfigurationName = Release;
		};
		DA8042C61AD4DBD5000D6B52 /* Build configuration list for PBXNativeTarget "tips" */ = {
			isa = XCConfigurationList;
			buildConfigurations = (
				DA8042C71AD4DBD5000D6B52 /* Debug */,
				DA8042C81AD4DBD5000D6B52 /* Release */,
			);
			defaultConfigurationIsVisible = 0;
		};
		DA8042C91AD4DBD5000D6B52 /* Build configuration list for PBXNativeTarget "tipsTests" */ = {
			isa = XCConfigurationList;
			buildConfigurations = (
				DA8042CA1AD4DBD5000D6B52 /* Debug */,
				DA8042CB1AD4DBD5000D6B52 /* Release */,
			);
			defaultConfigurationIsVisible = 0;
		};
/* End XCConfigurationList section */
	};
	rootObject = DA80429F1AD4DBD5000D6B52 /* Project object */;
}
